{
  "name": "Figma-Reset-Text-Layer-Name",
  "lockfileVersion": 2,
  "requires": true,
  "packages": {
    "": {
      "devDependencies": {
        "@figma/plugin-typings": "^1.19.3"
      }
    },
    "node_modules/@figma/plugin-typings": {
      "version": "1.19.3",
      "resolved": "https://registry.npmjs.org/@figma/plugin-typings/-/plugin-typings-1.19.3.tgz",
      "integrity": "sha512-Tm26pPQoltD7bYfeC/+d4RFsmdcrmAatq3lhGIfKNC80ETlZHv5scWJZIvCR0EULJNdtIaiQNskJLSqcPzHafQ==",
      "dev": true
    }
  },
  "dependencies": {
    "@figma/plugin-typings": {
      "version": "1.19.3",
      "resolved": "https://registry.npmjs.org/@figma/plugin-typings/-/plugin-typings-1.19.3.tgz",
      "integrity": "sha512-Tm26pPQoltD7bYfeC/+d4RFsmdcrmAatq3lhGIfKNC80ETlZHv5scWJZIvCR0EULJNdtIaiQNskJLSqcPzHafQ==",
      "dev": true
    }
  }
}
